{
  "schema": "frankensim-constellation-lock-v2",
  "identity_domain": "org.frankensim.xtask.constellation-lock.v1",
  "identity_version": 1,
  "lock_hash": "a6922d3ee80cba57",
  "note": "lock_hash covers (lib, version, git_head) only — paths are per-machine; remote is transport for bootstrap-constellation (content identity is the git head)",
  "libraries": [
    {"lib": "asupersync", "version": "0.4.9", "git_head": "76c9363726b9730f10210b995250f08b44fbc62e", "remote": "https://github.com/Dicklesworthstone/asupersync.git", "path": "/Users/jemanuel/projects/asupersync"},
    {"lib": "franken_networkx", "version": "0.2.0", "git_head": "2f6b35990ba50a161a67597d9f7c220f208e1ddd", "remote": "https://github.com/Dicklesworthstone/franken_networkx.git", "path": "/Users/jemanuel/projects/franken_networkx"},
    {"lib": "franken_numpy", "version": "0.2.0", "git_head": "e815dd3dc0bf8ae6d1555cfb7f8d787f4132196b", "remote": "https://github.com/Dicklesworthstone/franken_numpy.git", "path": "/Users/jemanuel/projects/franken_numpy"},
    {"lib": "frankenpandas", "version": "0.2.0", "git_head": "8464603d90d96168fd2fb331b0480a5962d04f16", "remote": "https://github.com/Dicklesworthstone/frankenpandas.git", "path": "/Users/jemanuel/projects/frankenpandas"},
    {"lib": "frankenscipy", "version": "0.1.0", "git_head": "0599340ea778b7cfaaee197a8ea5f97fb1369efb", "remote": "https://github.com/Dicklesworthstone/frankenscipy.git", "path": "/Users/jemanuel/projects/frankenscipy"},
    {"lib": "frankensqlite", "version": "unversioned-workspace", "git_head": "06d4f90c2e5da698603a86f672b94aca0ec80123", "remote": "https://github.com/Dicklesworthstone/frankensqlite.git", "path": "/Users/jemanuel/projects/frankensqlite"},
    {"lib": "frankentorch", "version": "0.1.0", "git_head": "9627f39cea7462b8f6d55bed5009c271ec6c736b", "remote": "https://github.com/Dicklesworthstone/frankentorch.git", "path": "/Users/jemanuel/projects/frankentorch"}
  ]
}
